
Microsoft Visual Studio Solution File, Format Version 12.00
# Visual Studio Version 16
VisualStudioVersion = 16.0.30804.86
MinimumVisualStudioVersion = 15.0.26124.0
Project("{9A19103F-16F7-4668-BE54-9A1E7A4F7556}") = "Cryptography", "Cryptography\Cryptography.csproj", "{6E8FD31E-C0DE-4BE6-AA1E-546C6602F13E}"
EndProject
Project("{9A19103F-16F7-4668-BE54-9A1E7A4F7556}") = "Cryptography.Tests", "Cryptography.Tests\Cryptography.Tests.csproj", "{20EF5B3F-2E3F-4317-869C-BB61F360E361}"
EndProject
Project("{FAE04EC0-301F-11D3-BF4B-00C04F79EFBC}") = "Cryptography.Console", "Cryptography.Console\Cryptography.Console.csproj", "{D7DC3249-6FC1-45EF-BEC6-881E176E22F6}"
EndProject
Global
	GlobalSection(SolutionConfigurationPlatforms) = preSolution
		Debug|Any CPU = Debug|Any CPU
		Release|Any CPU = Release|Any CPU
	EndGlobalSection
	GlobalSection(ProjectConfigurationPlatforms) = postSolution
		{6E8FD31E-C0DE-4BE6-AA1E-546C6602F13E}.Debug|Any CPU.ActiveCfg = Debug|Any CPU
		{6E8FD31E-C0DE-4BE6-AA1E-546C6602F13E}.Debug|Any CPU.Build.0 = Debug|Any CPU
		{6E8FD31E-C0DE-4BE6-AA1E-546C6602F13E}.Release|Any CPU.ActiveCfg = Release|Any CPU
		{6E8FD31E-C0DE-4BE6-AA1E-546C6602F13E}.Release|Any CPU.Build.0 = Release|Any CPU
		{20EF5B3F-2E3F-4317-869C-BB61F360E361}.Debug|Any CPU.ActiveCfg = Debug|Any CPU
		{20EF5B3F-2E3F-4317-869C-BB61F360E361}.Debug|Any CPU.Build.0 = Debug|Any CPU
		{20EF5B3F-2E3F-4317-869C-BB61F360E361}.Release|Any CPU.ActiveCfg = Release|Any CPU
		{20EF5B3F-2E3F-4317-869C-BB61F360E361}.Release|Any CPU.Build.0 = Release|Any CPU
		{D7DC3249-6FC1-45EF-BEC6-881E176E22F6}.Debug|Any CPU.ActiveCfg = Debug|Any CPU
		{D7DC3249-6FC1-45EF-BEC6-881E176E22F6}.Debug|Any CPU.Build.0 = Debug|Any CPU
		{D7DC3249-6FC1-45EF-BEC6-881E176E22F6}.Release|Any CPU.ActiveCfg = Release|Any CPU
		{D7DC3249-6FC1-45EF-BEC6-881E176E22F6}.Release|Any CPU.Build.0 = Release|Any CPU
	EndGlobalSection
	GlobalSection(SolutionProperties) = preSolution
		HideSolutionNode = FALSE
	EndGlobalSection
	GlobalSection(ExtensibilityGlobals) = postSolution
		SolutionGuid = {66F01588-716D-41FA-8241-2E448899AE90}
	EndGlobalSection
EndGlobal
